
Microsoft Visual Studio Solution File, Format Version 12.00
# Visual Studio 14
VisualStudioVersion = 14.0.25420.1
MinimumVisualStudioVersion = 10.0.40219.1
Project("{E24C65DC-7377-472B-9ABA-BC803B73C61A}") = "RTES_WEB_Project(1)", ".", "{0833A439-23B9-4023-884B-89AC7C691D51}"
	ProjectSection(WebsiteProperties) = preProject
		TargetFrameworkMoniker = ".NETFramework,Version%3Dv4.5.2"
		Debug.AspNetCompiler.VirtualPath = "/localhost_54823"
		Debug.AspNetCompiler.PhysicalPath = "..\WebProject ver_final\"
		Debug.AspNetCompiler.TargetPath = "PrecompiledWeb\localhost_54823\"
		Debug.AspNetCompiler.Updateable = "true"
		Debug.AspNetCompiler.ForceOverwrite = "true"
		Debug.AspNetCompiler.FixedNames = "false"
		Debug.AspNetCompiler.Debug = "True"
		Release.AspNetCompiler.VirtualPath = "/localhost_54823"
		Release.AspNetCompiler.PhysicalPath = "..\WebProject ver_final\"
		Release.AspNetCompiler.TargetPath = "PrecompiledWeb\localhost_54823\"
		Release.AspNetCompiler.Updateable = "true"
		Release.AspNetCompiler.ForceOverwrite = "true"
		Release.AspNetCompiler.FixedNames = "false"
		Release.AspNetCompiler.Debug = "False"
		VWDPort = "54823"
		SlnRelativePath = "..\WebProject ver_final\"
	EndProjectSection
EndProject
Global
	GlobalSection(SolutionConfigurationPlatforms) = preSolution
		Debug|Any CPU = Debug|Any CPU
	EndGlobalSection
	GlobalSection(ProjectConfigurationPlatforms) = postSolution
		{0833A439-23B9-4023-884B-89AC7C691D51}.Debug|Any CPU.ActiveCfg = Debug|Any CPU
		{0833A439-23B9-4023-884B-89AC7C691D51}.Debug|Any CPU.Build.0 = Debug|Any CPU
	EndGlobalSection
	GlobalSection(SolutionProperties) = preSolution
		HideSolutionNode = FALSE
	EndGlobalSection
EndGlobal
